
Microsoft Visual Studio Solution File, Format Version 12.00
# Visual Studio Version 17
VisualStudioVersion = 17.7.34024.191
MinimumVisualStudioVersion = 10.0.40219.1
Project("{9A19103F-16F7-4668-BE54-9A1E7A4F7556}") = "Algorithms", "Algorithms\Algorithms.csproj", "{B0390F02-B9AB-4978-A6FD-972505C41509}"
EndProject
Project("{9A19103F-16F7-4668-BE54-9A1E7A4F7556}") = "Algorithms.Tests", "Algorithms.Tests\Algorithms.Tests.csproj", "{9C2E72A6-575B-4232-A984-EFCB836736AE}"
EndProject
Project("{9A19103F-16F7-4668-BE54-9A1E7A4F7556}") = "Sandbox", "Sandbox\Sandbox.csproj", "{9744BF3D-3CB0-4189-98A1-DD644219C290}"
EndProject
Global
	GlobalSection(SolutionConfigurationPlatforms) = preSolution
		Debug|Any CPU = Debug|Any CPU
		Release|Any CPU = Release|Any CPU
	EndGlobalSection
	GlobalSection(ProjectConfigurationPlatforms) = postSolution
		{B0390F02-B9AB-4978-A6FD-972505C41509}.Debug|Any CPU.ActiveCfg = Debug|Any CPU
		{B0390F02-B9AB-4978-A6FD-972505C41509}.Debug|Any CPU.Build.0 = Debug|Any CPU
		{B0390F02-B9AB-4978-A6FD-972505C41509}.Release|Any CPU.ActiveCfg = Release|Any CPU
		{B0390F02-B9AB-4978-A6FD-972505C41509}.Release|Any CPU.Build.0 = Release|Any CPU
		{9C2E72A6-575B-4232-A984-EFCB836736AE}.Debug|Any CPU.ActiveCfg = Debug|Any CPU
		{9C2E72A6-575B-4232-A984-EFCB836736AE}.Debug|Any CPU.Build.0 = Debug|Any CPU
		{9C2E72A6-575B-4232-A984-EFCB836736AE}.Release|Any CPU.ActiveCfg = Release|Any CPU
		{9C2E72A6-575B-4232-A984-EFCB836736AE}.Release|Any CPU.Build.0 = Release|Any CPU
		{9744BF3D-3CB0-4189-98A1-DD644219C290}.Debug|Any CPU.ActiveCfg = Debug|Any CPU
		{9744BF3D-3CB0-4189-98A1-DD644219C290}.Debug|Any CPU.Build.0 = Debug|Any CPU
		{9744BF3D-3CB0-4189-98A1-DD644219C290}.Release|Any CPU.ActiveCfg = Release|Any CPU
		{9744BF3D-3CB0-4189-98A1-DD644219C290}.Release|Any CPU.Build.0 = Release|Any CPU
	EndGlobalSection
	GlobalSection(SolutionProperties) = preSolution
		HideSolutionNode = FALSE
	EndGlobalSection
	GlobalSection(ExtensibilityGlobals) = postSolution
		SolutionGuid = {BF0B8DB7-2F1D-461C-BC7C-2D0DB0419B19}
	EndGlobalSection
EndGlobal
